
Microsoft Visual Studio Solution File, Format Version 12.00
# Visual Studio 2012
Project("{FAE04EC0-301F-11D3-BF4B-00C04F79EFBC}") = "PaperPass", "PaperPass\PaperPass.csproj", "{931DC722-54FF-4879-853B-678BC02455D2}"
EndProject
Global
	GlobalSection(SolutionConfigurationPlatforms) = preSolution
		Debug|x86 = Debug|x86
		Release|x86 = Release|x86
	EndGlobalSection
	GlobalSection(ProjectConfigurationPlatforms) = postSolution
		{931DC722-54FF-4879-853B-678BC02455D2}.Debug|x86.ActiveCfg = Debug|x86
		{931DC722-54FF-4879-853B-678BC02455D2}.Debug|x86.Build.0 = Debug|x86
		{931DC722-54FF-4879-853B-678BC02455D2}.Release|x86.ActiveCfg = Release|x86
		{931DC722-54FF-4879-853B-678BC02455D2}.Release|x86.Build.0 = Release|x86
	EndGlobalSection
EndGlobal
